// !$*UTF8*$!
{
	archiveVersion = 1;
	classes = {
	};
	objectVersion = 50;
	objects = {

/* Begin PBXBuildFile section */
		6B73CD6122ADB62D003E6C4F /* main.cpp in Sources */ = {isa = PBXBuildFile; fileRef = 6B73CD6022ADB62D003E6C4F /* main.cpp */; };
		6B73CD7A22ADB7A6003E6C4F /* NoiseWrapper.cpp in Sources */ = {isa = PBXBuildFile; fileRef = 6B73CD7522ADB7A6003E6C4F /* NoiseWrapper.cpp */; };
		6B73CD7B22ADB7A6003E6C4F /* OpenSimplexNoise.cpp in Sources */ = {isa = PBXBuildFile; fileRef = 6B73CD7622ADB7A6003E6C4F /* OpenSimplexNoise.cpp */; };
		6B73CD7C22ADB7A6003E6C4F /* TextureGenerator.cpp in Sources */ = {isa = PBXBuildFile; fileRef = 6B73CD7822ADB7A6003E6C4F /* TextureGenerator.cpp */; };
/* End PBXBuildFile section */

/* Begin PBXCopyFilesBuildPhase section */
		6B73CD5B22ADB62D003E6C4F /* CopyFiles */ = {
			isa = PBXCopyFilesBuildPhase;
			buildActionMask = 2147483647;
			dstPath = /usr/share/man/man1/;
			dstSubfolderSpec = 0;
			files = (
			);
			runOnlyForDeploymentPostprocessing = 1;
		};
/* End PBXCopyFilesBuildPhase section */

/* Begin PBXFileReference section */
		6B73CD5D22ADB62D003E6C4F /* react-planet */ = {isa = PBXFileReference; explicitFileType = "compiled.mach-o.executable"; includeInIndex = 0; path = "react-planet"; sourceTree = BUILT_PRODUCTS_DIR; };
		6B73CD6022ADB62D003E6C4F /* main.cpp */ = {isa = PBXFileReference; lastKnownFileType = sourcecode.cpp.cpp; path = main.cpp; sourceTree = "<group>"; };
		6B73CD7422ADB7A6003E6C4F /* TextureGenerator.h */ = {isa = PBXFileReference; fileEncoding = 4; lastKnownFileType = sourcecode.c.h; path = TextureGenerator.h; sourceTree = "<group>"; };
		6B73CD7522ADB7A6003E6C4F /* NoiseWrapper.cpp */ = {isa = PBXFileReference; fileEncoding = 4; lastKnownFileType = sourcecode.cpp.cpp; path = NoiseWrapper.cpp; sourceTree = "<group>"; };
		6B73CD7622ADB7A6003E6C4F /* OpenSimplexNoise.cpp */ = {isa = PBXFileReference; fileEncoding = 4; lastKnownFileType = sourcecode.cpp.cpp; path = OpenSimplexNoise.cpp; sourceTree = "<group>"; };
		6B73CD7722ADB7A6003E6C4F /* NoiseWrapper.h */ = {isa = PBXFileReference; fileEncoding = 4; lastKnownFileType = sourcecode.c.h; path = NoiseWrapper.h; sourceTree = "<group>"; };
		6B73CD7822ADB7A6003E6C4F /* TextureGenerator.cpp */ = {isa = PBXFileReference; fileEncoding = 4; lastKnownFileType = sourcecode.cpp.cpp; path = TextureGenerator.cpp; sourceTree = "<group>"; };
		6B73CD7922ADB7A6003E6C4F /* OpenSimplexNoise.h */ = {isa = PBXFileReference; fileEncoding = 4; lastKnownFileType = sourcecode.c.h; path = OpenSimplexNoise.h; sourceTree = "<group>"; };
/* End PBXFileReference section */

/* Begin PBXFrameworksBuildPhase section */
		6B73CD5A22ADB62D003E6C4F /* Frameworks */ = {
			isa = PBXFrameworksBuildPhase;
			buildActionMask = 2147483647;
			files = (
			);
			runOnlyForDeploymentPostprocessing = 0;
		};
/* End PBXFrameworksBuildPhase section */

/* Begin PBXGroup section */
		6B73CD5422ADB62D003E6C4F = {
			isa = PBXGroup;
			children = (
				6B73CD7322ADB7A6003E6C4F /* wasm */,
				6B73CD5F22ADB62D003E6C4F /* react-planet */,
				6B73CD5E22ADB62D003E6C4F /* Products */,
			);
			sourceTree = "<group>";
		};
		6B73CD5E22ADB62D003E6C4F /* Products */ = {
			isa = PBXGroup;
			children = (
				6B73CD5D22ADB62D003E6C4F /* react-planet */,
			);
			name = Products;
			sourceTree = "<group>";
		};
		6B73CD5F22ADB62D003E6C4F /* react-planet */ = {
			isa = PBXGroup;
			children = (
				6B73CD6022ADB62D003E6C4F /* main.cpp */,
			);
			path = "react-planet";
			sourceTree = "<group>";
		};
		6B73CD7322ADB7A6003E6C4F /* wasm */ = {
			isa = PBXGroup;
			children = (
				6B73CD7522ADB7A6003E6C4F /* NoiseWrapper.cpp */,
				6B73CD7722ADB7A6003E6C4F /* NoiseWrapper.h */,
				6B73CD7622ADB7A6003E6C4F /* OpenSimplexNoise.cpp */,
				6B73CD7922ADB7A6003E6C4F /* OpenSimplexNoise.h */,
				6B73CD7822ADB7A6003E6C4F /* TextureGenerator.cpp */,
				6B73CD7422ADB7A6003E6C4F /* TextureGenerator.h */,
			);
			name = wasm;
			path = ../../wasm;
			sourceTree = "<group>";
		};
/* End PBXGroup section */

/* Begin PBXLegacyTarget section */
		6B73CD8122ADB9D1003E6C4F /* react-planet-ems */ = {
			isa = PBXLegacyTarget;
			buildArgumentsString = "$(ACTION)";
			buildConfigurationList = 6B73CD8222ADB9D1003E6C4F /* Build configuration list for PBXLegacyTarget "react-planet-ems" */;
			buildPhases = (
			);
			buildToolPath = ./build_wasm.sh;
			buildWorkingDirectory = ../../scripts/;
			dependencies = (
			);
			name = "react-planet-ems";
			passBuildSettingsInEnvironment = 1;
			productName = "react-planet-ems";
		};
/* End PBXLegacyTarget section */

/* Begin PBXNativeTarget section */
		6B73CD5C22ADB62D003E6C4F /* react-planet */ = {
			isa = PBXNativeTarget;
			buildConfigurationList = 6B73CD6422ADB62D003E6C4F /* Build configuration list for PBXNativeTarget "react-planet" */;
			buildPhases = (
				6B73CD5922ADB62D003E6C4F /* Sources */,
				6B73CD5A22ADB62D003E6C4F /* Frameworks */,
				6B73CD5B22ADB62D003E6C4F /* CopyFiles */,
			);
			buildRules = (
			);
			dependencies = (
			);
			name = "react-planet";
			productName = "react-planet";
			productReference = 6B73CD5D22ADB62D003E6C4F /* react-planet */;
			productType = "com.apple.product-type.tool";
		};
/* End PBXNativeTarget section */

/* Begin PBXProject section */
		6B73CD5522ADB62D003E6C4F /* Project object */ = {
			isa = PBXProject;
			attributes = {
				LastUpgradeCheck = 1210;
				ORGANIZATIONNAME = "Geoffrey Benson";
				TargetAttributes = {
					6B73CD5C22ADB62D003E6C4F = {
						CreatedOnToolsVersion = 10.1;
					};
					6B73CD8122ADB9D1003E6C4F = {
						CreatedOnToolsVersion = 10.1;
					};
				};
			};
			buildConfigurationList = 6B73CD5822ADB62D003E6C4F /* Build configuration list for PBXProject "react-planet" */;
			compatibilityVersion = "Xcode 9.3";
			developmentRegion = en;
			hasScannedForEncodings = 0;
			knownRegions = (
				en,
			);
			mainGroup = 6B73CD5422ADB62D003E6C4F;
			productRefGroup = 6B73CD5E22ADB62D003E6C4F /* Products */;
			projectDirPath = "";
			projectRoot = "";
			targets = (
				6B73CD5C22ADB62D003E6C4F /* react-planet */,
				6B73CD8122ADB9D1003E6C4F /* react-planet-ems */,
			);
		};
/* End PBXProject section */

/* Begin PBXSourcesBuildPhase section */
		6B73CD5922ADB62D003E6C4F /* Sources */ = {
			isa = PBXSourcesBuildPhase;
			buildActionMask = 2147483647;
			files = (
				6B73CD6122ADB62D003E6C4F /* main.cpp in Sources */,
				6B73CD7B22ADB7A6003E6C4F /* OpenSimplexNoise.cpp in Sources */,
				6B73CD7A22ADB7A6003E6C4F /* NoiseWrapper.cpp in Sources */,
				6B73CD7C22ADB7A6003E6C4F /* TextureGenerator.cpp in Sources */,
			);
			runOnlyForDeploymentPostprocessing = 0;
		};
/* End PBXSourcesBuildPhase section */

/* Begin XCBuildConfiguration section */
		6B73CD6222ADB62D003E6C4F /* Debug */ = {
			isa = XCBuildConfiguration;
			buildSettings = {
				ALWAYS_SEARCH_USER_PATHS = NO;
				CLANG_ANALYZER_NONNULL = YES;
				CLANG_ANALYZER_NUMBER_OBJECT_CONVERSION = YES_AGGRESSIVE;
				CLANG_CXX_LANGUAGE_STANDARD = "gnu++14";
				CLANG_CXX_LIBRARY = "libc++";
				CLANG_ENABLE_MODULES = YES;
				CLANG_ENABLE_OBJC_ARC = YES;
				CLANG_ENABLE_OBJC_WEAK = YES;
				CLANG_WARN_BLOCK_CAPTURE_AUTORELEASING = YES;
				CLANG_WARN_BOOL_CONVERSION = YES;
				CLANG_WARN_COMMA = YES;
				CLANG_WARN_CONSTANT_CONVERSION = YES;
				CLANG_WARN_DEPRECATED_OBJC_IMPLEMENTATIONS = YES;
				CLANG_WARN_DIRECT_OBJC_ISA_USAGE = YES_ERROR;
				CLANG_WARN_DOCUMENTATION_COMMENTS = YES;
				CLANG_WARN_EMPTY_BODY = YES;
				CLANG_WARN_ENUM_CONVERSION = YES;
				CLANG_WARN_INFINITE_RECURSION = YES;
				CLANG_WARN_INT_CONVERSION = YES;
				CLANG_WARN_NON_LITERAL_NULL_CONVERSION = YES;
				CLANG_WARN_OBJC_IMPLICIT_RETAIN_SELF = YES;
				CLANG_WARN_OBJC_LITERAL_CONVERSION = YES;
				CLANG_WARN_OBJC_ROOT_CLASS = YES_ERROR;
				CLANG_WARN_QUOTED_INCLUDE_IN_FRAMEWORK_HEADER = YES;
				CLANG_WARN_RANGE_LOOP_ANALYSIS = YES;
				CLANG_WARN_STRICT_PROTOTYPES = YES;
				CLANG_WARN_SUSPICIOUS_MOVE = YES;
				CLANG_WARN_UNGUARDED_AVAILABILITY = YES_AGGRESSIVE;
				CLANG_WARN_UNREACHABLE_CODE = YES;
				CLANG_WARN__DUPLICATE_METHOD_MATCH = YES;
				CODE_SIGN_IDENTITY = "-";
				COPY_PHASE_STRIP = NO;
				DEBUG_INFORMATION_FORMAT = dwarf;
				ENABLE_STRICT_OBJC_MSGSEND = YES;
				ENABLE_TESTABILITY = YES;
				GCC_C_LANGUAGE_STANDARD = gnu11;
				GCC_DYNAMIC_NO_PIC = NO;
				GCC_NO_COMMON_BLOCKS = YES;
				GCC_OPTIMIZATION_LEVEL = 0;
				GCC_PREPROCESSOR_DEFINITIONS = (
					"DEBUG=1",
					"$(inherited)",
				);
				GCC_WARN_64_TO_32_BIT_CONVERSION = YES;
				GCC_WARN_ABOUT_RETURN_TYPE = YES_ERROR;
				GCC_WARN_UNDECLARED_SELECTOR = YES;
				GCC_WARN_UNINITIALIZED_AUTOS = YES_AGGRESSIVE;
				GCC_WARN_UNUSED_FUNCTION = YES;
				GCC_WARN_UNUSED_VARIABLE = YES;
				MACOSX_DEPLOYMENT_TARGET = 10.14;
				MTL_ENABLE_DEBUG_INFO = INCLUDE_SOURCE;
				MTL_FAST_MATH = YES;
				ONLY_ACTIVE_ARCH = YES;
				SDKROOT = macosx;
			};
			name = Debug;
		};
		6B73CD6322ADB62D003E6C4F /* Release */ = {
			isa = XCBuildConfiguration;
			buildSettings = {
				ALWAYS_SEARCH_USER_PATHS = NO;
				CLANG_ANALYZER_NONNULL = YES;
				CLANG_ANALYZER_NUMBER_OBJECT_CONVERSION = YES_AGGRESSIVE;
				CLANG_CXX_LANGUAGE_STANDARD = "gnu++14";
				CLANG_CXX_LIBRARY = "libc++";
				CLANG_ENABLE_MODULES = YES;
				CLANG_ENABLE_OBJC_ARC = YES;
				CLANG_ENABLE_OBJC_WEAK = YES;
				CLANG_WARN_BLOCK_CAPTURE_AUTORELEASING = YES;
				CLANG_WARN_BOOL_CONVERSION = YES;
				CLANG_WARN_COMMA = YES;
				CLANG_WARN_CONSTANT_CONVERSION = YES;
				CLANG_WARN_DEPRECATED_OBJC_IMPLEMENTATIONS = YES;
				CLANG_WARN_DIRECT_OBJC_ISA_USAGE = YES_ERROR;
				CLANG_WARN_DOCUMENTATION_COMMENTS = YES;
				CLANG_WARN_EMPTY_BODY = YES;
				CLANG_WARN_ENUM_CONVERSION = YES;
				CLANG_WARN_INFINITE_RECURSION = YES;
				CLANG_WARN_INT_CONVERSION = YES;
				CLANG_WARN_NON_LITERAL_NULL_CONVERSION = YES;
				CLANG_WARN_OBJC_IMPLICIT_RETAIN_SELF = YES;
				CLANG_WARN_OBJC_LITERAL_CONVERSION = YES;
				CLANG_WARN_OBJC_ROOT_CLASS = YES_ERROR;
				CLANG_WARN_QUOTED_INCLUDE_IN_FRAMEWORK_HEADER = YES;
				CLANG_WARN_RANGE_LOOP_ANALYSIS = YES;
				CLANG_WARN_STRICT_PROTOTYPES = YES;
				CLANG_WARN_SUSPICIOUS_MOVE = YES;
				CLANG_WARN_UNGUARDED_AVAILABILITY = YES_AGGRESSIVE;
				CLANG_WARN_UNREACHABLE_CODE = YES;
				CLANG_WARN__DUPLICATE_METHOD_MATCH = YES;
				CODE_SIGN_IDENTITY = "-";
				COPY_PHASE_STRIP = NO;
				DEBUG_INFORMATION_FORMAT = "dwarf-with-dsym";
				ENABLE_NS_ASSERTIONS = NO;
				ENABLE_STRICT_OBJC_MSGSEND = YES;
				GCC_C_LANGUAGE_STANDARD = gnu11;
				GCC_NO_COMMON_BLOCKS = YES;
				GCC_WARN_64_TO_32_BIT_CONVERSION = YES;
				GCC_WARN_ABOUT_RETURN_TYPE = YES_ERROR;
				GCC_WARN_UNDECLARED_SELECTOR = YES;
				GCC_WARN_UNINITIALIZED_AUTOS = YES_AGGRESSIVE;
				GCC_WARN_UNUSED_FUNCTION = YES;
				GCC_WARN_UNUSED_VARIABLE = YES;
				MACOSX_DEPLOYMENT_TARGET = 10.14;
				MTL_ENABLE_DEBUG_INFO = NO;
				MTL_FAST_MATH = YES;
				SDKROOT = macosx;
			};
			name = Release;
		};
		6B73CD6522ADB62D003E6C4F /* Debug */ = {
			isa = XCBuildConfiguration;
			buildSettings = {
				CODE_SIGN_STYLE = Automatic;
				HEADER_SEARCH_PATHS = ../..;
				PRODUCT_NAME = "$(TARGET_NAME)";
			};
			name = Debug;
		};
		6B73CD6622ADB62D003E6C4F /* Release */ = {
			isa = XCBuildConfiguration;
			buildSettings = {
				CODE_SIGN_STYLE = Automatic;
				HEADER_SEARCH_PATHS = ../..;
				PRODUCT_NAME = "$(TARGET_NAME)";
			};
			name = Release;
		};
		6B73CD8322ADB9D1003E6C4F /* Debug */ = {
			isa = XCBuildConfiguration;
			buildSettings = {
				CODE_SIGN_STYLE = Automatic;
				DEBUGGING_SYMBOLS = YES;
				DEBUG_INFORMATION_FORMAT = dwarf;
				GCC_GENERATE_DEBUGGING_SYMBOLS = YES;
				GCC_OPTIMIZATION_LEVEL = 0;
				OTHER_CFLAGS = "";
				OTHER_LDFLAGS = "";
				PRODUCT_NAME = "$(TARGET_NAME)";
			};
			name = Debug;
		};
		6B73CD8422ADB9D1003E6C4F /* Release */ = {
			isa = XCBuildConfiguration;
			buildSettings = {
				CODE_SIGN_STYLE = Automatic;
				DEBUG_INFORMATION_FORMAT = "dwarf-with-dsym";
				OTHER_CFLAGS = "";
				OTHER_LDFLAGS = "";
				PRODUCT_NAME = "$(TARGET_NAME)";
			};
			name = Release;
		};
/* End XCBuildConfiguration section */

/* Begin XCConfigurationList section */
		6B73CD5822ADB62D003E6C4F /* Build configuration list for PBXProject "react-planet" */ = {
			isa = XCConfigurationList;
			buildConfigurations = (
				6B73CD6222ADB62D003E6C4F /* Debug */,
				6B73CD6322ADB62D003E6C4F /* Release */,
			);
			defaultConfigurationIsVisible = 0;
			defaultConfigurationName = Release;
		};
		6B73CD6422ADB62D003E6C4F /* Build configuration list for PBXNativeTarget "react-planet" */ = {
			isa = XCConfigurationList;
			buildConfigurations = (
				6B73CD6522ADB62D003E6C4F /* Debug */,
				6B73CD6622ADB62D003E6C4F /* Release */,
			);
			defaultConfigurationIsVisible = 0;
			defaultConfigurationName = Release;
		};
		6B73CD8222ADB9D1003E6C4F /* Build configuration list for PBXLegacyTarget "react-planet-ems" */ = {
			isa = XCConfigurationList;
			buildConfigurations = (
				6B73CD8322ADB9D1003E6C4F /* Debug */,
				6B73CD8422ADB9D1003E6C4F /* Release */,
			);
			defaultConfigurationIsVisible = 0;
			defaultConfigurationName = Release;
		};
/* End XCConfigurationList section */
	};
	rootObject = 6B73CD5522ADB62D003E6C4F /* Project object */;
}
